
Microsoft Visual Studio Solution File, Format Version 12.00
# Visual Studio Version 16
VisualStudioVersion = 16.0.30711.63
MinimumVisualStudioVersion = 10.0.40219.1
Project("{FAE04EC0-301F-11D3-BF4B-00C04F79EFBC}") = "Gensim", "Gensim\Gensim.csproj", "{0D0A323A-4458-487B-828F-FF6105558668}"
EndProject
Project("{FAE04EC0-301F-11D3-BF4B-00C04F79EFBC}") = "GensimTests", "GensimTests\GensimTests.csproj", "{8F9BA289-09AE-45A8-8DF8-D270227E1169}"
EndProject
Global
	GlobalSection(SolutionConfigurationPlatforms) = preSolution
		Debug|Any CPU = Debug|Any CPU
		Release|Any CPU = Release|Any CPU
	EndGlobalSection
	GlobalSection(ProjectConfigurationPlatforms) = postSolution
		{0D0A323A-4458-487B-828F-FF6105558668}.Debug|Any CPU.ActiveCfg = Debug|Any CPU
		{0D0A323A-4458-487B-828F-FF6105558668}.Debug|Any CPU.Build.0 = Debug|Any CPU
		{0D0A323A-4458-487B-828F-FF6105558668}.Release|Any CPU.ActiveCfg = Release|Any CPU
		{0D0A323A-4458-487B-828F-FF6105558668}.Release|Any CPU.Build.0 = Release|Any CPU
		{8F9BA289-09AE-45A8-8DF8-D270227E1169}.Debug|Any CPU.ActiveCfg = Debug|Any CPU
		{8F9BA289-09AE-45A8-8DF8-D270227E1169}.Debug|Any CPU.Build.0 = Debug|Any CPU
		{8F9BA289-09AE-45A8-8DF8-D270227E1169}.Release|Any CPU.ActiveCfg = Release|Any CPU
		{8F9BA289-09AE-45A8-8DF8-D270227E1169}.Release|Any CPU.Build.0 = Release|Any CPU
	EndGlobalSection
	GlobalSection(SolutionProperties) = preSolution
		HideSolutionNode = FALSE
	EndGlobalSection
	GlobalSection(ExtensibilityGlobals) = postSolution
		SolutionGuid = {85D4EDFC-2B05-4AB9-A0D5-CC8148E76568}
	EndGlobalSection
EndGlobal
